
Microsoft Visual Studio Solution File, Format Version 12.00
# Visual Studio Version 16
VisualStudioVersion = 16.0.31019.35
MinimumVisualStudioVersion = 10.0.40219.1
Project("{9A19103F-16F7-4668-BE54-9A1E7A4F7556}") = "ProductAPI", "ProductAPI\ProductAPI.csproj", "{D121BF06-488F-482F-811F-5E28486BB579}"
EndProject
Project("{9A19103F-16F7-4668-BE54-9A1E7A4F7556}") = "ProjectAPI.Test", "ProjectAPI.Test\ProjectAPI.Test.csproj", "{EA07DFFB-A2ED-4551-B398-DD6E588571DA}"
EndProject
Global
	GlobalSection(SolutionConfigurationPlatforms) = preSolution
		Debug|Any CPU = Debug|Any CPU
		Release|Any CPU = Release|Any CPU
	EndGlobalSection
	GlobalSection(ProjectConfigurationPlatforms) = postSolution
		{D121BF06-488F-482F-811F-5E28486BB579}.Debug|Any CPU.ActiveCfg = Debug|Any CPU
		{D121BF06-488F-482F-811F-5E28486BB579}.Debug|Any CPU.Build.0 = Debug|Any CPU
		{D121BF06-488F-482F-811F-5E28486BB579}.Release|Any CPU.ActiveCfg = Release|Any CPU
		{D121BF06-488F-482F-811F-5E28486BB579}.Release|Any CPU.Build.0 = Release|Any CPU
		{EA07DFFB-A2ED-4551-B398-DD6E588571DA}.Debug|Any CPU.ActiveCfg = Debug|Any CPU
		{EA07DFFB-A2ED-4551-B398-DD6E588571DA}.Debug|Any CPU.Build.0 = Debug|Any CPU
		{EA07DFFB-A2ED-4551-B398-DD6E588571DA}.Release|Any CPU.ActiveCfg = Release|Any CPU
		{EA07DFFB-A2ED-4551-B398-DD6E588571DA}.Release|Any CPU.Build.0 = Release|Any CPU
	EndGlobalSection
	GlobalSection(SolutionProperties) = preSolution
		HideSolutionNode = FALSE
	EndGlobalSection
	GlobalSection(ExtensibilityGlobals) = postSolution
		SolutionGuid = {CCBC0713-239C-459C-AFFC-70D63AD0FF6F}
	EndGlobalSection
EndGlobal
